
Microsoft Visual Studio Solution File, Format Version 12.00
# Visual Studio Version 17
VisualStudioVersion = 17.14.36310.24 d17.14
MinimumVisualStudioVersion = 10.0.40219.1
Project("{FAE04EC0-301F-11D3-BF4B-00C04F79EFBC}") = "Activity20", "Activity20.csproj", "{3937DCA8-4ED9-4A75-B2B5-6B7191EE48FF}"
EndProject
Global
	GlobalSection(SolutionConfigurationPlatforms) = preSolution
		Debug|Any CPU = Debug|Any CPU
		Release|Any CPU = Release|Any CPU
	EndGlobalSection
	GlobalSection(ProjectConfigurationPlatforms) = postSolution
		{3937DCA8-4ED9-4A75-B2B5-6B7191EE48FF}.Debug|Any CPU.ActiveCfg = Debug|Any CPU
		{3937DCA8-4ED9-4A75-B2B5-6B7191EE48FF}.Debug|Any CPU.Build.0 = Debug|Any CPU
		{3937DCA8-4ED9-4A75-B2B5-6B7191EE48FF}.Release|Any CPU.ActiveCfg = Release|Any CPU
		{3937DCA8-4ED9-4A75-B2B5-6B7191EE48FF}.Release|Any CPU.Build.0 = Release|Any CPU
	EndGlobalSection
	GlobalSection(SolutionProperties) = preSolution
		HideSolutionNode = FALSE
	EndGlobalSection
	GlobalSection(ExtensibilityGlobals) = postSolution
		SolutionGuid = {A64181EE-0740-4D8E-93EB-64C3E9D39110}
	EndGlobalSection
EndGlobal
